<?xml version="1.0" encoding="utf-8"?>
<Project ToolsVersion="4.0" xmlns="http://schemas.microsoft.com/developer/msbuild/2003">
  <ItemGroup>
    <Filter Include="Source Files">
      <UniqueIdentifier>{4FC737F1-C7A5-4376-A066-2A32D752A2FF}</UniqueIdentifier>
      <Extensions>cpp;c;cc;cxx;def;odl;idl;hpj;bat;asm;asmx</Extensions>
    </Filter>
    <Filter Include="Header Files">
      <UniqueIdentifier>{93995380-89BD-4b04-88EB-625FBE52EBFB}</UniqueIdentifier>
      <Extensions>h;hh;hpp;hxx;hm;inl;inc;xsd</Extensions>
    </Filter>
    <Filter Include="Resource Files">
      <UniqueIdentifier>{67DA6AB6-F800-4c08-8B7A-83BB121AAD01}</UniqueIdentifier>
      <Extensions>rc;ico;cur;bmp;dlg;rc2;rct;bin;rgs;gif;jpg;jpeg;jpe;resx;tiff;tif;png;wav;mfcribbon-ms</Extensions>
    </Filter>
  </ItemGroup>
  <ItemGroup>
    <ClInclude Include="resource.h">
      <Filter>Header Files</Filter>
    </ClInclude>
    <ClInclude Include="amnesia\classes\component.h">
      <Filter>Header Files</Filter>
    </ClInclude>
    <ClInclude Include="amnesia\classes\entity.h">
      <Filter>Header Files</Filter>
    </ClInclude>
    <ClInclude Include="amnesia\classes\lightsource.h">
      <Filter>Header Files</Filter>
    </ClInclude>
    <ClInclude Include="amnesia\core\engine.h">
      <Filter>Header Files</Filter>
    </ClInclude>
    <ClInclude Include="amnesia\core\input.h">
      <Filter>Header Files</Filter>
    </ClInclude>
    <ClInclude Include="amnesia\core\message.h">
      <Filter>Header Files</Filter>
    </ClInclude>
    <ClInclude Include="amnesia\core\system.h">
      <Filter>Header Files</Filter>
    </ClInclude>
    <ClInclude Include="amnesia\core\time.h">
      <Filter>Header Files</Filter>
    </ClInclude>
    <ClInclude Include="amnesia\core\window.h">
      <Filter>Header Files</Filter>
    </ClInclude>
    <ClInclude Include="amnesia\primitive\polygon.h">
      <Filter>Header Files</Filter>
    </ClInclude>
    <ClInclude Include="amnesia\primitive\segment.h">
      <Filter>Header Files</Filter>
    </ClInclude>
    <ClInclude Include="amnesia\primitive\vector.h">
      <Filter>Header Files</Filter>
    </ClInclude>
  </ItemGroup>
  <ItemGroup>
    <ResourceCompile Include="AmnesiaEngine.rc">
      <Filter>Resource Files</Filter>
    </ResourceCompile>
  </ItemGroup>
  <ItemGroup>
    <ClCompile Include="amnesia\classes\component.cpp">
      <Filter>Source Files</Filter>
    </ClCompile>
    <ClCompile Include="amnesia\classes\entity.cpp">
      <Filter>Source Files</Filter>
    </ClCompile>
    <ClCompile Include="amnesia\classes\lightsource.cpp">
      <Filter>Source Files</Filter>
    </ClCompile>
    <ClCompile Include="amnesia\core\engine.cpp">
      <Filter>Source Files</Filter>
    </ClCompile>
    <ClCompile Include="amnesia\core\input.cpp">
      <Filter>Source Files</Filter>
    </ClCompile>
    <ClCompile Include="amnesia\core\system.cpp">
      <Filter>Source Files</Filter>
    </ClCompile>
    <ClCompile Include="amnesia\core\time.cpp">
      <Filter>Source Files</Filter>
    </ClCompile>
    <ClCompile Include="amnesia\core\window.cpp">
      <Filter>Source Files</Filter>
    </ClCompile>
    <ClCompile Include="amnesia\ocaml-bindings\lightsource.cpp">
      <Filter>Source Files</Filter>
    </ClCompile>
    <ClCompile Include="amnesia\ocaml-bindings\maybe.cpp">
      <Filter>Source Files</Filter>
    </ClCompile>
    <ClCompile Include="amnesia\ocaml-bindings\polygon.cpp">
      <Filter>Source Files</Filter>
    </ClCompile>
    <ClCompile Include="amnesia\ocaml-bindings\segment.cpp">
      <Filter>Source Files</Filter>
    </ClCompile>
    <ClCompile Include="amnesia\ocaml-bindings\vector.cpp">
      <Filter>Source Files</Filter>
    </ClCompile>
    <ClCompile Include="amnesia\primitive\polygon.cpp">
      <Filter>Source Files</Filter>
    </ClCompile>
    <ClCompile Include="amnesia\primitive\segment.cpp">
      <Filter>Source Files</Filter>
    </ClCompile>
    <ClCompile Include="amnesia\primitive\vector.cpp">
      <Filter>Source Files</Filter>
    </ClCompile>
  </ItemGroup>
  <ItemGroup>
    <None Include="amnesia\ocaml-bindings\.merlin" />
    <None Include="amnesia\ocaml-bindings\lightsource.re" />
    <None Include="amnesia\ocaml-bindings\main.re" />
    <None Include="amnesia\ocaml-bindings\Makefile" />
    <None Include="amnesia\ocaml-bindings\maybe.re" />
    <None Include="amnesia\ocaml-bindings\polygon.re" />
    <None Include="amnesia\ocaml-bindings\segment.re" />
    <None Include="amnesia\ocaml-bindings\vector.re" />
    <None Include="AmnesiaEngine.VC.db" />
    <None Include="AmnesiaEngine.aps" />
  </ItemGroup>
</Project>